
Microsoft Visual Studio Solution File, Format Version 12.00
# Visual Studio Version 17
VisualStudioVersion = 17.1.32210.238
MinimumVisualStudioVersion = 10.0.40219.1
Project("{FAE04EC0-301F-11D3-BF4B-00C04F79EFBC}") = "StandAloneHGC", "StandAloneHGC\StandAloneHGC.csproj", "{3ECE56AF-B816-4444-9550-8FE8557192DD}"
EndProject
Global
	GlobalSection(SolutionConfigurationPlatforms) = preSolution
		Debug|Any CPU = Debug|Any CPU
		Release|Any CPU = Release|Any CPU
	EndGlobalSection
	GlobalSection(ProjectConfigurationPlatforms) = postSolution
		{3ECE56AF-B816-4444-9550-8FE8557192DD}.Debug|Any CPU.ActiveCfg = Debug|Any CPU
		{3ECE56AF-B816-4444-9550-8FE8557192DD}.Debug|Any CPU.Build.0 = Debug|Any CPU
		{3ECE56AF-B816-4444-9550-8FE8557192DD}.Release|Any CPU.ActiveCfg = Release|Any CPU
		{3ECE56AF-B816-4444-9550-8FE8557192DD}.Release|Any CPU.Build.0 = Release|Any CPU
	EndGlobalSection
	GlobalSection(SolutionProperties) = preSolution
		HideSolutionNode = FALSE
	EndGlobalSection
	GlobalSection(ExtensibilityGlobals) = postSolution
		SolutionGuid = {72E6D6FA-DD5C-48B0-954B-52A22E00B932}
	EndGlobalSection
EndGlobal
